
Microsoft Visual Studio Solution File, Format Version 12.00
# Visual Studio Version 16
VisualStudioVersion = 16.0.29230.47
MinimumVisualStudioVersion = 10.0.40219.1
Project("{FAE04EC0-301F-11D3-BF4B-00C04F79EFBC}") = "ARSorting", "ARSorting.csproj", "{422DA28B-1313-48A7-921E-B4708AECB059}"
EndProject
Global
	GlobalSection(SolutionConfigurationPlatforms) = preSolution
		Debug|Any CPU = Debug|Any CPU
		Release|Any CPU = Release|Any CPU
	EndGlobalSection
	GlobalSection(ProjectConfigurationPlatforms) = postSolution
		{422DA28B-1313-48A7-921E-B4708AECB059}.Debug|Any CPU.ActiveCfg = Debug|Any CPU
		{422DA28B-1313-48A7-921E-B4708AECB059}.Debug|Any CPU.Build.0 = Debug|Any CPU
		{422DA28B-1313-48A7-921E-B4708AECB059}.Release|Any CPU.ActiveCfg = Release|Any CPU
		{422DA28B-1313-48A7-921E-B4708AECB059}.Release|Any CPU.Build.0 = Release|Any CPU
	EndGlobalSection
	GlobalSection(SolutionProperties) = preSolution
		HideSolutionNode = FALSE
	EndGlobalSection
	GlobalSection(ExtensibilityGlobals) = postSolution
		SolutionGuid = {48262DCC-6EF7-429F-869D-6EDC678952BA}
	EndGlobalSection
EndGlobal
